
Microsoft Visual Studio Solution File, Format Version 12.00
# Visual Studio Version 17
VisualStudioVersion = 17.0.31903.59
MinimumVisualStudioVersion = 10.0.40219.1
Project("{FAE04EC0-301F-11D3-BF4B-00C04F79EFBC}") = "API", "API\API.csproj", "{93DB42A2-1DD9-43A5-A256-5D9C90E73983}"
EndProject
Project("{FAE04EC0-301F-11D3-BF4B-00C04F79EFBC}") = "Core", "Core\Core.csproj", "{C218E63E-0364-4CA4-8E94-3282928B4538}"
EndProject
Project("{FAE04EC0-301F-11D3-BF4B-00C04F79EFBC}") = "Infrastructure", "Infrastructure\Infrastructure.csproj", "{3362E32A-2541-4043-991B-5CF0C1DED17E}"
EndProject
Global
	GlobalSection(SolutionConfigurationPlatforms) = preSolution
		Debug|Any CPU = Debug|Any CPU
		Release|Any CPU = Release|Any CPU
	EndGlobalSection
	GlobalSection(SolutionProperties) = preSolution
		HideSolutionNode = FALSE
	EndGlobalSection
	GlobalSection(ProjectConfigurationPlatforms) = postSolution
		{93DB42A2-1DD9-43A5-A256-5D9C90E73983}.Debug|Any CPU.ActiveCfg = Debug|Any CPU
		{93DB42A2-1DD9-43A5-A256-5D9C90E73983}.Debug|Any CPU.Build.0 = Debug|Any CPU
		{93DB42A2-1DD9-43A5-A256-5D9C90E73983}.Release|Any CPU.ActiveCfg = Release|Any CPU
		{93DB42A2-1DD9-43A5-A256-5D9C90E73983}.Release|Any CPU.Build.0 = Release|Any CPU
		{C218E63E-0364-4CA4-8E94-3282928B4538}.Debug|Any CPU.ActiveCfg = Debug|Any CPU
		{C218E63E-0364-4CA4-8E94-3282928B4538}.Debug|Any CPU.Build.0 = Debug|Any CPU
		{C218E63E-0364-4CA4-8E94-3282928B4538}.Release|Any CPU.ActiveCfg = Release|Any CPU
		{C218E63E-0364-4CA4-8E94-3282928B4538}.Release|Any CPU.Build.0 = Release|Any CPU
		{3362E32A-2541-4043-991B-5CF0C1DED17E}.Debug|Any CPU.ActiveCfg = Debug|Any CPU
		{3362E32A-2541-4043-991B-5CF0C1DED17E}.Debug|Any CPU.Build.0 = Debug|Any CPU
		{3362E32A-2541-4043-991B-5CF0C1DED17E}.Release|Any CPU.ActiveCfg = Release|Any CPU
		{3362E32A-2541-4043-991B-5CF0C1DED17E}.Release|Any CPU.Build.0 = Release|Any CPU
	EndGlobalSection
EndGlobal
